
Microsoft Visual Studio Solution File, Format Version 12.00
# Visual Studio Version 17
VisualStudioVersion = 17.11.35312.102
MinimumVisualStudioVersion = 10.0.40219.1
Project("{FAE04EC0-301F-11D3-BF4B-00C04F79EFBC}") = "TouchPadframework", "TouchPadframework.csproj", "{C89914D9-DA0E-49E7-B4D6-4A7F259724B8}"
EndProject
Global
	GlobalSection(SolutionConfigurationPlatforms) = preSolution
		Debug|Any CPU = Debug|Any CPU
		Release|Any CPU = Release|Any CPU
	EndGlobalSection
	GlobalSection(ProjectConfigurationPlatforms) = postSolution
		{C89914D9-DA0E-49E7-B4D6-4A7F259724B8}.Debug|Any CPU.ActiveCfg = Debug|Any CPU
		{C89914D9-DA0E-49E7-B4D6-4A7F259724B8}.Debug|Any CPU.Build.0 = Debug|Any CPU
		{C89914D9-DA0E-49E7-B4D6-4A7F259724B8}.Release|Any CPU.ActiveCfg = Release|Any CPU
		{C89914D9-DA0E-49E7-B4D6-4A7F259724B8}.Release|Any CPU.Build.0 = Release|Any CPU
	EndGlobalSection
	GlobalSection(SolutionProperties) = preSolution
		HideSolutionNode = FALSE
	EndGlobalSection
	GlobalSection(ExtensibilityGlobals) = postSolution
		SolutionGuid = {E3818143-C300-4896-818C-08FA0AFC7539}
	EndGlobalSection
EndGlobal
