
Microsoft Visual Studio Solution File, Format Version 12.00
# Visual Studio Version 17
VisualStudioVersion = 17.11.35312.102
MinimumVisualStudioVersion = 10.0.40219.1
Project("{9A19103F-16F7-4668-BE54-9A1E7A4F7556}") = "TouchPad", "TouchPad.csproj", "{3EDE7352-43D5-4F6F-8491-4193C7A98667}"
EndProject
Project("{9A19103F-16F7-4668-BE54-9A1E7A4F7556}") = "TouchPad.Desktop", "..\TouchPad.Desktop\TouchPad.Desktop.csproj", "{3134BE42-0853-41C5-95A9-15101CF47E0A}"
EndProject
Global
	GlobalSection(SolutionConfigurationPlatforms) = preSolution
		Debug|Any CPU = Debug|Any CPU
		Release|Any CPU = Release|Any CPU
	EndGlobalSection
	GlobalSection(ProjectConfigurationPlatforms) = postSolution
		{3EDE7352-43D5-4F6F-8491-4193C7A98667}.Debug|Any CPU.ActiveCfg = Debug|Any CPU
		{3EDE7352-43D5-4F6F-8491-4193C7A98667}.Debug|Any CPU.Build.0 = Debug|Any CPU
		{3EDE7352-43D5-4F6F-8491-4193C7A98667}.Release|Any CPU.ActiveCfg = Release|Any CPU
		{3EDE7352-43D5-4F6F-8491-4193C7A98667}.Release|Any CPU.Build.0 = Release|Any CPU
		{3134BE42-0853-41C5-95A9-15101CF47E0A}.Debug|Any CPU.ActiveCfg = Debug|Any CPU
		{3134BE42-0853-41C5-95A9-15101CF47E0A}.Debug|Any CPU.Build.0 = Debug|Any CPU
		{3134BE42-0853-41C5-95A9-15101CF47E0A}.Release|Any CPU.ActiveCfg = Release|Any CPU
		{3134BE42-0853-41C5-95A9-15101CF47E0A}.Release|Any CPU.Build.0 = Release|Any CPU
	EndGlobalSection
	GlobalSection(SolutionProperties) = preSolution
		HideSolutionNode = FALSE
	EndGlobalSection
	GlobalSection(ExtensibilityGlobals) = postSolution
		SolutionGuid = {4AE36BD3-03E4-4F2C-AE53-C741EE28F7C2}
	EndGlobalSection
EndGlobal
